
Microsoft Visual Studio Solution File, Format Version 12.00
# Visual Studio 15
VisualStudioVersion = 15.0.27428.2043
MinimumVisualStudioVersion = 10.0.40219.1
Project("{FAE04EC0-301F-11D3-BF4B-00C04F79EFBC}") = "AKS-Web", "AKS-Web\AKS-Web.csproj", "{990F8CAD-A6BB-437A-9799-5B3D555E9794}"
EndProject
Global
	GlobalSection(SolutionConfigurationPlatforms) = preSolution
		Debug|Any CPU = Debug|Any CPU
		Release|Any CPU = Release|Any CPU
	EndGlobalSection
	GlobalSection(ProjectConfigurationPlatforms) = postSolution
		{990F8CAD-A6BB-437A-9799-5B3D555E9794}.Debug|Any CPU.ActiveCfg = Debug|Any CPU
		{990F8CAD-A6BB-437A-9799-5B3D555E9794}.Debug|Any CPU.Build.0 = Debug|Any CPU
		{990F8CAD-A6BB-437A-9799-5B3D555E9794}.Release|Any CPU.ActiveCfg = Release|Any CPU
		{990F8CAD-A6BB-437A-9799-5B3D555E9794}.Release|Any CPU.Build.0 = Release|Any CPU
	EndGlobalSection
	GlobalSection(SolutionProperties) = preSolution
		HideSolutionNode = FALSE
	EndGlobalSection
	GlobalSection(ExtensibilityGlobals) = postSolution
		SolutionGuid = {D0B919E7-D54C-42B9-ACBF-E110A0D3BC03}
	EndGlobalSection
EndGlobal
